{
  "nodes": {
    "Comment": {
      "flake": false,
      "locked": {
        "lastModified": 1658823333,
        "narHash": "sha256-pwbJW9bqqF48Bsx/FVdJ8wCIxWqMCKLhziKIQZGD67U=",
        "owner": "numToStr",
        "repo": "Comment.nvim",
        "rev": "78ab4e9785b6da9b7a539df3bd6f70300dc9482b",
        "type": "github"
      },
      "original": {
        "owner": "numToStr",
        "repo": "Comment.nvim",
        "type": "github"
      }
    },
    "LuaSnip": {
      "flake": false,
      "locked": {
        "lastModified": 1658830945,
        "narHash": "sha256-JJIfFcQ8JVmQuzukjgUB/7nlSnyQkCfprR42jrHXfvY=",
        "owner": "L3MON4D3",
        "repo": "LuaSnip",
        "rev": "281a89e374eb04663e18e786db5f215092a56595",
        "type": "github"
      },
      "original": {
        "owner": "L3MON4D3",
        "repo": "LuaSnip",
        "type": "github"
      }
    },
    "agenix": {
      "inputs": {
        "nixpkgs": [
          "nixpkgs"
        ]
      },
      "locked": {
        "lastModified": 1652712410,
        "narHash": "sha256-hMJ2TqLt0DleEnQFGUHK9sV2aAzJPU8pZeiZoqRozbE=",
        "owner": "ryantm",
        "repo": "agenix",
        "rev": "7e5e58b98c3dcbf497543ff6f22591552ebfe65b",
        "type": "github"
      },
      "original": {
        "owner": "ryantm",
        "repo": "agenix",
        "type": "github"
      }
    },
    "cmp-buffer": {
      "flake": false,
      "locked": {
        "lastModified": 1655319089,
        "narHash": "sha256-+iNqM9lVowC1q4lfErN7CBPAVArVlp5yV9lwH77QnnE=",
        "owner": "hrsh7th",
        "repo": "cmp-buffer",
        "rev": "62fc67a2b0205136bc3e312664624ba2ab4a9323",
        "type": "github"
      },
      "original": {
        "owner": "hrsh7th",
        "repo": "cmp-buffer",
        "type": "github"
      }
    },
    "cmp-nvim-lsp": {
      "flake": false,
      "locked": {
        "lastModified": 1652705110,
        "narHash": "sha256-19Ka4EQhqo//IMjJ/DnXiHsevVWFy2M90oSjmBFfCO0=",
        "owner": "hrsh7th",
        "repo": "cmp-nvim-lsp",
        "rev": "affe808a5c56b71630f17aa7c38e15c59fd648a8",
        "type": "github"
      },
      "original": {
        "owner": "hrsh7th",
        "repo": "cmp-nvim-lsp",
        "type": "github"
      }
    },
    "cmp-nvim-lua": {
      "flake": false,
      "locked": {
        "lastModified": 1633919304,
        "narHash": "sha256-/xUfw5adjXu8ySZBBFrLVJ1FCNJzfh79wf+wJsW6sIY=",
        "owner": "hrsh7th",
        "repo": "cmp-nvim-lua",
        "rev": "d276254e7198ab7d00f117e88e223b4bd8c02d21",
        "type": "github"
      },
      "original": {
        "owner": "hrsh7th",
        "repo": "cmp-nvim-lua",
        "type": "github"
      }
    },
    "cmp-path": {
      "flake": false,
      "locked": {
        "lastModified": 1658844613,
        "narHash": "sha256-G/I2SH4Uidr25/4fjrtcK3VfxWwD9MSN+ODcB6zjvVo=",
        "owner": "hrsh7th",
        "repo": "cmp-path",
        "rev": "447c87cdd6e6d6a1d2488b1d43108bfa217f56e1",
        "type": "github"
      },
      "original": {
        "owner": "hrsh7th",
        "repo": "cmp-path",
        "type": "github"
      }
    },
    "cmp_luasnip": {
      "flake": false,
      "locked": {
        "lastModified": 1651433493,
        "narHash": "sha256-8ocJY5qeAJXFSuTnavXX6NvZyAB0EEn2Y+amrWp8B1Y=",
        "owner": "saadparwaiz1",
        "repo": "cmp_luasnip",
        "rev": "a9de941bcbda508d0a45d28ae366bb3f08db2e36",
        "type": "github"
      },
      "original": {
        "owner": "saadparwaiz1",
        "repo": "cmp_luasnip",
        "type": "github"
      }
    },
    "dashboard-nvim": {
      "flake": false,
      "locked": {
        "lastModified": 1658738442,
        "narHash": "sha256-t/BSay3hUiJ5yudTZU7eU9jwZy+bxO39HYZ10UXlESU=",
        "owner": "glepnir",
        "repo": "dashboard-nvim",
        "rev": "6e48e4fd8b03b47d09c686b38e968d5dcd261c8d",
        "type": "github"
      },
      "original": {
        "owner": "glepnir",
        "repo": "dashboard-nvim",
        "type": "github"
      }
    },
    "dressing": {
      "flake": false,
      "locked": {
        "lastModified": 1658382560,
        "narHash": "sha256-ebZXnMQMVTKw6RTgaXG5/pr8IiYiRCGvmUkQr0ZmICg=",
        "owner": "stevearc",
        "repo": "dressing.nvim",
        "rev": "e9d0de44707fe5ce06be6f6959d33a3fab985a3c",
        "type": "github"
      },
      "original": {
        "owner": "stevearc",
        "repo": "dressing.nvim",
        "type": "github"
      }
    },
    "flake-compat": {
      "flake": false,
      "locked": {
        "lastModified": 1650374568,
        "narHash": "sha256-Z+s0J8/r907g149rllvwhb4pKi8Wam5ij0st8PwAh+E=",
        "owner": "edolstra",
        "repo": "flake-compat",
        "rev": "b4a34015c698c7793d592d66adbab377907a2be8",
        "type": "github"
      },
      "original": {
        "owner": "edolstra",
        "repo": "flake-compat",
        "type": "github"
      }
    },
    "flake-utils": {
      "locked": {
        "lastModified": 1644229661,
        "narHash": "sha256-1YdnJAsNy69bpcjuoKdOYQX0YxZBiCYZo4Twxerqv7k=",
        "owner": "numtide",
        "repo": "flake-utils",
        "rev": "3cecb5b042f7f209c56ffd8371b2711a290ec797",
        "type": "github"
      },
      "original": {
        "owner": "numtide",
        "repo": "flake-utils",
        "type": "github"
      }
    },
    "friendly-snippets": {
      "flake": false,
      "locked": {
        "lastModified": 1658669606,
        "narHash": "sha256-uhj2rAsyUvCYuYSrJExbVavZzOOop+dt1a8nvOo3OMg=",
        "owner": "rafamadriz",
        "repo": "friendly-snippets",
        "rev": "5632135df892a742e5c3bbf97f0f634e273254d4",
        "type": "github"
      },
      "original": {
        "owner": "rafamadriz",
        "repo": "friendly-snippets",
        "type": "github"
      }
    },
    "gitsigns": {
      "flake": false,
      "locked": {
        "lastModified": 1658740207,
        "narHash": "sha256-g4GDabo1AqcGkHfXNla47NcxC2Da6RL8CJLms8y0/bY=",
        "owner": "lewis6991",
        "repo": "gitsigns.nvim",
        "rev": "8b817e76b6399634f3f49e682d6e409844241858",
        "type": "github"
      },
      "original": {
        "owner": "lewis6991",
        "repo": "gitsigns.nvim",
        "type": "github"
      }
    },
    "home-manager": {
      "inputs": {
        "nixpkgs": [
          "nixpkgs"
        ]
      },
      "locked": {
        "lastModified": 1656169755,
        "narHash": "sha256-Nlnm4jeQWEGjYrE6hxi/7HYHjBSZ/E0RtjCYifnNsWk=",
        "owner": "nix-community",
        "repo": "home-manager",
        "rev": "4a3d01fb53f52ac83194081272795aa4612c2381",
        "type": "github"
      },
      "original": {
        "owner": "nix-community",
        "ref": "release-22.05",
        "repo": "home-manager",
        "type": "github"
      }
    },
    "indent-blankline": {
      "flake": false,
      "locked": {
        "lastModified": 1656471282,
        "narHash": "sha256-yvGUeOlx5JItZ4c0qu6EHj1gNeDS5w53WBjAEi/W9/I=",
        "owner": "lukas-reineke",
        "repo": "indent-blankline.nvim",
        "rev": "4a58fe6e9854ccfe6c6b0f59abb7cb8301e23025",
        "type": "github"
      },
      "original": {
        "owner": "lukas-reineke",
        "repo": "indent-blankline.nvim",
        "type": "github"
      }
    },
    "lsp_signature": {
      "flake": false,
      "locked": {
        "lastModified": 1658833581,
        "narHash": "sha256-gVJKfFe3fkud50BSKGLYJh/k45M/TsE87AiBmMo8r6U=",
        "owner": "ray-x",
        "repo": "lsp_signature.nvim",
        "rev": "aea1e060d465fcb565bc1178e4189fc79524ba61",
        "type": "github"
      },
      "original": {
        "owner": "ray-x",
        "repo": "lsp_signature.nvim",
        "type": "github"
      }
    },
    "lspkind-nvim": {
      "flake": false,
      "locked": {
        "lastModified": 1650298271,
        "narHash": "sha256-0103K5lnzWCyuT/qwiBUo5PJ7lUX7fo+zNeEnQClI7A=",
        "owner": "onsails",
        "repo": "lspkind-nvim",
        "rev": "57e5b5dfbe991151b07d272a06e365a77cc3d0e7",
        "type": "github"
      },
      "original": {
        "owner": "onsails",
        "repo": "lspkind-nvim",
        "type": "github"
      }
    },
    "lualine": {
      "flake": false,
      "locked": {
        "lastModified": 1658559712,
        "narHash": "sha256-QMbv4yrxDa0B5nq5KUkQBGc82ND/+OqWG8DrJ4AGIF0=",
        "owner": "hoob3rt",
        "repo": "lualine.nvim",
        "rev": "5f68f070e4f7158517afc55f125a6f5ed1f7db47",
        "type": "github"
      },
      "original": {
        "owner": "hoob3rt",
        "repo": "lualine.nvim",
        "type": "github"
      }
    },
    "my-overlay": {
      "inputs": {
        "nixpkgs": [
          "nixpkgs"
        ],
        "zsh-vim-mode": "zsh-vim-mode",
        "zsh-z": "zsh-z"
      },
      "locked": {
        "lastModified": 1,
        "narHash": "sha256-qUAFzqjH4fY1DNcT7lvKtnCZTdslDlczkWVxs1iDnik=",
        "path": "./packages",
        "type": "path"
      },
      "original": {
        "path": "./packages",
        "type": "path"
      }
    },
    "neovim-flake": {
      "inputs": {
        "flake-utils": "flake-utils",
        "nixpkgs": [
          "neovim-nightly-overlay",
          "nixpkgs"
        ]
      },
      "locked": {
        "dir": "contrib",
        "lastModified": 1658807597,
        "narHash": "sha256-dQQozYgTUaY0ViFJRdFn4vmxiJsm9Vp4dInHqXKc1ps=",
        "owner": "neovim",
        "repo": "neovim",
        "rev": "1a07044c1c828edda3e24828782665947fe68049",
        "type": "github"
      },
      "original": {
        "dir": "contrib",
        "owner": "neovim",
        "repo": "neovim",
        "type": "github"
      }
    },
    "neovim-nightly-overlay": {
      "inputs": {
        "flake-compat": "flake-compat",
        "neovim-flake": "neovim-flake",
        "nixpkgs": [
          "nixpkgs"
        ]
      },
      "locked": {
        "lastModified": 1658823388,
        "narHash": "sha256-TtFdJ4BhgK3Wbqef8lJ6KfuJRjv5hAItnjgbavFpnd8=",
        "owner": "nix-community",
        "repo": "neovim-nightly-overlay",
        "rev": "7f1fef8079ffda231214ef9a0a686aa98f17551d",
        "type": "github"
      },
      "original": {
        "owner": "nix-community",
        "repo": "neovim-nightly-overlay",
        "type": "github"
      }
    },
    "neovim-plugins": {
      "inputs": {
        "Comment": "Comment",
        "LuaSnip": "LuaSnip",
        "cmp-buffer": "cmp-buffer",
        "cmp-nvim-lsp": "cmp-nvim-lsp",
        "cmp-nvim-lua": "cmp-nvim-lua",
        "cmp-path": "cmp-path",
        "cmp_luasnip": "cmp_luasnip",
        "dashboard-nvim": "dashboard-nvim",
        "dressing": "dressing",
        "friendly-snippets": "friendly-snippets",
        "gitsigns": "gitsigns",
        "indent-blankline": "indent-blankline",
        "lsp_signature": "lsp_signature",
        "lspkind-nvim": "lspkind-nvim",
        "lualine": "lualine",
        "nixpkgs": [
          "nixpkgs"
        ],
        "null-ls": "null-ls",
        "nvim-autopairs": "nvim-autopairs",
        "nvim-cmp": "nvim-cmp",
        "nvim-code-action-menu": "nvim-code-action-menu",
        "nvim-colorizer": "nvim-colorizer",
        "nvim-dap": "nvim-dap",
        "nvim-dap-ui": "nvim-dap-ui",
        "nvim-lightbulb": "nvim-lightbulb",
        "nvim-lsp-installer": "nvim-lsp-installer",
        "nvim-lspconfig": "nvim-lspconfig",
        "nvim-navic": "nvim-navic",
        "nvim-tree": "nvim-tree",
        "nvim-treesitter": "nvim-treesitter",
        "nvim-treesitter-textobjects": "nvim-treesitter-textobjects",
        "nvim-treesitter-textsubjects": "nvim-treesitter-textsubjects",
        "nvim-ts-rainbow": "nvim-ts-rainbow",
        "nvim-web-devicons": "nvim-web-devicons",
        "oceanic-next": "oceanic-next",
        "plenary": "plenary",
        "popup": "popup",
        "pounce": "pounce",
        "telescope": "telescope",
        "telescope-file-browser": "telescope-file-browser",
        "vim-repeat": "vim-repeat",
        "vim-surround": "vim-surround",
        "which-key": "which-key",
        "yaml-companion": "yaml-companion"
      },
      "locked": {
        "lastModified": 1,
        "narHash": "sha256-k2fOTbO4fPrphmCMt0AyrsNu8YrZfUJ1wGGp6OrcXzA=",
        "path": "./neovim_plugins",
        "type": "path"
      },
      "original": {
        "path": "./neovim_plugins",
        "type": "path"
      }
    },
    "nixos-hardware": {
      "locked": {
        "lastModified": 1658401027,
        "narHash": "sha256-z/sDfzsFOoWNO9nZGfxDCNjHqXvSVZLDBDSgzr9qDXE=",
        "owner": "NixOS",
        "repo": "nixos-hardware",
        "rev": "83009edccc2e24afe3d0165ed98b60ff7471a5f8",
        "type": "github"
      },
      "original": {
        "owner": "NixOS",
        "ref": "master",
        "repo": "nixos-hardware",
        "type": "github"
      }
    },
    "nixpkgs": {
      "locked": {
        "lastModified": 1658777571,
        "narHash": "sha256-gJMDUeaRhi47NxtrfFMIejlV5N3Ra2669w16Ndz2Jo0=",
        "owner": "NixOS",
        "repo": "nixpkgs",
        "rev": "f0fa012b649a47e408291e96a15672a4fe925d65",
        "type": "github"
      },
      "original": {
        "owner": "NixOS",
        "ref": "nixos-22.05",
        "repo": "nixpkgs",
        "type": "github"
      }
    },
    "nixpkgs-unstable": {
      "locked": {
        "lastModified": 1658737577,
        "narHash": "sha256-xosJ5nJT9HX+b6UWsSX6R+ap4AdZOCrl/r+IKFp2ASQ=",
        "owner": "NixOS",
        "repo": "nixpkgs",
        "rev": "5a0e0d73b944157328d54c4ded1cf2f0146a86a5",
        "type": "github"
      },
      "original": {
        "owner": "NixOS",
        "ref": "nixos-unstable",
        "repo": "nixpkgs",
        "type": "github"
      }
    },
    "null-ls": {
      "flake": false,
      "locked": {
        "lastModified": 1658337758,
        "narHash": "sha256-uSnQuW0wZ0nDKjmHksPdaD89jDAso6mmvXWdwqPGjCw=",
        "owner": "jose-elias-alvarez",
        "repo": "null-ls.nvim",
        "rev": "9c396ab880bec1097dc4d124c0961cdfa2aa3848",
        "type": "github"
      },
      "original": {
        "owner": "jose-elias-alvarez",
        "repo": "null-ls.nvim",
        "type": "github"
      }
    },
    "nvim-autopairs": {
      "flake": false,
      "locked": {
        "lastModified": 1657074500,
        "narHash": "sha256-a2z7Nq1uO96uVIBXUlmsNbtGjQm9VtR8DBwo9ReVHx8=",
        "owner": "windwp",
        "repo": "nvim-autopairs",
        "rev": "972a7977e759733dd6721af7bcda7a67e40c010e",
        "type": "github"
      },
      "original": {
        "owner": "windwp",
        "repo": "nvim-autopairs",
        "type": "github"
      }
    },
    "nvim-cmp": {
      "flake": false,
      "locked": {
        "lastModified": 1658720867,
        "narHash": "sha256-85oApnwqjFtDHIhWe1IlCuLtsHhxgd54x254DXn7n7M=",
        "owner": "hrsh7th",
        "repo": "nvim-cmp",
        "rev": "706371f1300e7c0acb98b346f80dad2dd9b5f679",
        "type": "github"
      },
      "original": {
        "owner": "hrsh7th",
        "repo": "nvim-cmp",
        "type": "github"
      }
    },
    "nvim-code-action-menu": {
      "flake": false,
      "locked": {
        "lastModified": 1653835393,
        "narHash": "sha256-nG6lasCs7VeJfj5eV/oH9OfJbSaEaAOOM98R72xudCY=",
        "owner": "weilbith",
        "repo": "nvim-code-action-menu",
        "rev": "ee599409ed6ab31f6d7115e9c5c4550336470c14",
        "type": "github"
      },
      "original": {
        "owner": "weilbith",
        "repo": "nvim-code-action-menu",
        "type": "github"
      }
    },
    "nvim-colorizer": {
      "flake": false,
      "locked": {
        "lastModified": 1591879145,
        "narHash": "sha256-6YrnItxExL2C8pNIdLd+hXCjsB2MbZANwWkah6dreD8=",
        "owner": "norcalli",
        "repo": "nvim-colorizer.lua",
        "rev": "36c610a9717cc9ec426a07c8e6bf3b3abcb139d6",
        "type": "github"
      },
      "original": {
        "owner": "norcalli",
        "repo": "nvim-colorizer.lua",
        "type": "github"
      }
    },
    "nvim-dap": {
      "flake": false,
      "locked": {
        "lastModified": 1658773594,
        "narHash": "sha256-NgGLnWX7Mm+hLTM0ekVZhEJL848ZIBAF0cSswB+4xEA=",
        "owner": "mfussenegger",
        "repo": "nvim-dap",
        "rev": "2a52cf60799274d2881a91019bc69a3ccc69177f",
        "type": "github"
      },
      "original": {
        "owner": "mfussenegger",
        "repo": "nvim-dap",
        "type": "github"
      }
    },
    "nvim-dap-ui": {
      "flake": false,
      "locked": {
        "lastModified": 1658566121,
        "narHash": "sha256-Wy9aCqVDvGaGL11Vx1st/2vek3YZOjVosugO/Ey/Euw=",
        "owner": "rcarriga",
        "repo": "nvim-dap-ui",
        "rev": "b7b71444128f5aa90e4aee8dbfa36b14afddfb7a",
        "type": "github"
      },
      "original": {
        "owner": "rcarriga",
        "repo": "nvim-dap-ui",
        "type": "github"
      }
    },
    "nvim-lightbulb": {
      "flake": false,
      "locked": {
        "lastModified": 1654717121,
        "narHash": "sha256-eLF8n8RLqry1pkFzfMnIPqZlLpGYevYRok7PtXQRzlU=",
        "owner": "kosayoda",
        "repo": "nvim-lightbulb",
        "rev": "1e2844b68a07d3e7ad9e6cc9a2aebc347488ec1b",
        "type": "github"
      },
      "original": {
        "owner": "kosayoda",
        "repo": "nvim-lightbulb",
        "type": "github"
      }
    },
    "nvim-lsp-installer": {
      "flake": false,
      "locked": {
        "lastModified": 1658842139,
        "narHash": "sha256-kKCx215bnaf1izAXQW22JgPoOjOCdZ+ZhmkJL88f2UY=",
        "owner": "williamboman",
        "repo": "nvim-lsp-installer",
        "rev": "ff51c2173d2917517c96f22d9c21940307930b57",
        "type": "github"
      },
      "original": {
        "owner": "williamboman",
        "repo": "nvim-lsp-installer",
        "type": "github"
      }
    },
    "nvim-lspconfig": {
      "flake": false,
      "locked": {
        "lastModified": 1658753359,
        "narHash": "sha256-bCkKq+DCa3dlk28FPItiZNSC3arIbl5ltfbYgSVt1Do=",
        "owner": "neovim",
        "repo": "nvim-lspconfig",
        "rev": "ba25b747a3cff70c1532c2f28fcc912cf7b938ea",
        "type": "github"
      },
      "original": {
        "owner": "neovim",
        "repo": "nvim-lspconfig",
        "type": "github"
      }
    },
    "nvim-navic": {
      "flake": false,
      "locked": {
        "lastModified": 1658042341,
        "narHash": "sha256-fvL8K49WV88JO0RBw4eYpN9hygIoAPSvbEIJRMsOdt8=",
        "owner": "SmiteshP",
        "repo": "nvim-navic",
        "rev": "94bf6fcb1dc27bdad230d9385da085e72c390019",
        "type": "github"
      },
      "original": {
        "owner": "SmiteshP",
        "repo": "nvim-navic",
        "type": "github"
      }
    },
    "nvim-tree": {
      "flake": false,
      "locked": {
        "lastModified": 1658826579,
        "narHash": "sha256-5bsb6Jjwr/BhXAldOCdBkiI/uzmSkDPLhgibbGlC5zY=",
        "owner": "kyazdani42",
        "repo": "nvim-tree.lua",
        "rev": "64cc3c17e1a8d00d0fafcb61349b2a7d57234e53",
        "type": "github"
      },
      "original": {
        "owner": "kyazdani42",
        "repo": "nvim-tree.lua",
        "type": "github"
      }
    },
    "nvim-treesitter": {
      "flake": false,
      "locked": {
        "lastModified": 1658824901,
        "narHash": "sha256-aAyuy2af9byhVcQBy0vTXt42CsjUaLtiPM748XnP9tc=",
        "owner": "nvim-treesitter",
        "repo": "nvim-treesitter",
        "rev": "42891dccf82438ed021cd4ad338ff2412fb31dfd",
        "type": "github"
      },
      "original": {
        "owner": "nvim-treesitter",
        "repo": "nvim-treesitter",
        "type": "github"
      }
    },
    "nvim-treesitter-textobjects": {
      "flake": false,
      "locked": {
        "lastModified": 1657576735,
        "narHash": "sha256-oIiclljMhVsIiJy6uuqmhPTJJF27wJOfZaWjNTcF9yg=",
        "owner": "nvim-treesitter",
        "repo": "nvim-treesitter-textobjects",
        "rev": "40f20e6788e6ce850802cbd2ca029fbb66b5d043",
        "type": "github"
      },
      "original": {
        "owner": "nvim-treesitter",
        "repo": "nvim-treesitter-textobjects",
        "type": "github"
      }
    },
    "nvim-treesitter-textsubjects": {
      "flake": false,
      "locked": {
        "lastModified": 1656280317,
        "narHash": "sha256-Np0wEuUQArYFA3iCS5VPJAk79MZsooLG67tmAkNLRmI=",
        "owner": "RRethy",
        "repo": "nvim-treesitter-textsubjects",
        "rev": "ed026cfdff93b2d63d9d8cd2525481d8f002f65e",
        "type": "github"
      },
      "original": {
        "owner": "RRethy",
        "repo": "nvim-treesitter-textsubjects",
        "type": "github"
      }
    },
    "nvim-ts-rainbow": {
      "flake": false,
      "locked": {
        "lastModified": 1657824296,
        "narHash": "sha256-TaXQyl5F758AQQqKRvJAetd2WiC7jh9VfT/vjQQMsD4=",
        "owner": "p00f",
        "repo": "nvim-ts-rainbow",
        "rev": "9dd019e84dc3b470dfdb5b05e3bb26158fef8a0c",
        "type": "github"
      },
      "original": {
        "owner": "p00f",
        "repo": "nvim-ts-rainbow",
        "type": "github"
      }
    },
    "nvim-web-devicons": {
      "flake": false,
      "locked": {
        "lastModified": 1657021684,
        "narHash": "sha256-+t6EVhQ7iC9BZOtVeQwrzkmpmUtc/WWBcUohoX4/+Tg=",
        "owner": "kyazdani42",
        "repo": "nvim-web-devicons",
        "rev": "2d02a56189e2bde11edd4712fea16f08a6656944",
        "type": "github"
      },
      "original": {
        "owner": "kyazdani42",
        "repo": "nvim-web-devicons",
        "type": "github"
      }
    },
    "oceanic-next": {
      "flake": false,
      "locked": {
        "lastModified": 1612533325,
        "narHash": "sha256-AhF4v5bSvaSWDu4LL6Rm8+20/M0rd7/9pTUcrLpfX/E=",
        "owner": "mhartington",
        "repo": "oceanic-next",
        "rev": "5ef31a34204f84714885ae9036f66a626036c3dc",
        "type": "github"
      },
      "original": {
        "owner": "mhartington",
        "repo": "oceanic-next",
        "type": "github"
      }
    },
    "plenary": {
      "flake": false,
      "locked": {
        "lastModified": 1657483025,
        "narHash": "sha256-eBZTFEi7b2CBUakcamhwPcqjzaKg9tAGHNdc4XYUv78=",
        "owner": "nvim-lua",
        "repo": "plenary.nvim",
        "rev": "986ad71ae930c7d96e812734540511b4ca838aa2",
        "type": "github"
      },
      "original": {
        "owner": "nvim-lua",
        "repo": "plenary.nvim",
        "type": "github"
      }
    },
    "popup": {
      "flake": false,
      "locked": {
        "lastModified": 1637254091,
        "narHash": "sha256-dNWz/xovUg55fDZUpVs/2kLphk3lqQyvPtc9ATwbeSQ=",
        "owner": "nvim-lua",
        "repo": "popup.nvim",
        "rev": "b7404d35d5d3548a82149238289fa71f7f6de4ac",
        "type": "github"
      },
      "original": {
        "owner": "nvim-lua",
        "repo": "popup.nvim",
        "type": "github"
      }
    },
    "pounce": {
      "flake": false,
      "locked": {
        "lastModified": 1657808216,
        "narHash": "sha256-UXVQl7QZGf/y9nw89DEJmvrhNYEOiB5mDwEoPvfGql8=",
        "owner": "rlane",
        "repo": "pounce.nvim",
        "rev": "c2aeae37a3109315fb1c6e9c492bca805e480dc3",
        "type": "github"
      },
      "original": {
        "owner": "rlane",
        "repo": "pounce.nvim",
        "type": "github"
      }
    },
    "root": {
      "inputs": {
        "agenix": "agenix",
        "home-manager": "home-manager",
        "my-overlay": "my-overlay",
        "neovim-nightly-overlay": "neovim-nightly-overlay",
        "neovim-plugins": "neovim-plugins",
        "nixos-hardware": "nixos-hardware",
        "nixpkgs": "nixpkgs",
        "nixpkgs-unstable": "nixpkgs-unstable"
      }
    },
    "telescope": {
      "flake": false,
      "locked": {
        "lastModified": 1658506577,
        "narHash": "sha256-vXGvUV95p+H4dhFCHKuokn6l+rwo/E9gE8KrNwS48bM=",
        "owner": "nvim-telescope",
        "repo": "telescope.nvim",
        "rev": "b5833a682c511885887373aad76272ad70f7b3c2",
        "type": "github"
      },
      "original": {
        "owner": "nvim-telescope",
        "repo": "telescope.nvim",
        "type": "github"
      }
    },
    "telescope-file-browser": {
      "flake": false,
      "locked": {
        "lastModified": 1658127600,
        "narHash": "sha256-78mT73qlEcMTHmu9PRr7Vr0P4a2Ueu0W0sbgZPCm8Z4=",
        "owner": "nvim-telescope",
        "repo": "telescope-file-browser.nvim",
        "rev": "c30fcb6214acf8538616e403e0f82a6430bf6801",
        "type": "github"
      },
      "original": {
        "owner": "nvim-telescope",
        "repo": "telescope-file-browser.nvim",
        "type": "github"
      }
    },
    "vim-repeat": {
      "flake": false,
      "locked": {
        "lastModified": 1611544268,
        "narHash": "sha256-8rfZa3uKXB3TRCqaDHZ6DfzNbm7WaYnLvmTNzYtnKHg=",
        "owner": "tpope",
        "repo": "vim-repeat",
        "rev": "24afe922e6a05891756ecf331f39a1f6743d3d5a",
        "type": "github"
      },
      "original": {
        "owner": "tpope",
        "repo": "vim-repeat",
        "type": "github"
      }
    },
    "vim-surround": {
      "flake": false,
      "locked": {
        "lastModified": 1650669912,
        "narHash": "sha256-ippurR26T1jqy74LDKlzJpTreOLxRThmgYTEHPtBkx8=",
        "owner": "tpope",
        "repo": "vim-surround",
        "rev": "bf3480dc9ae7bea34c78fbba4c65b4548b5b1fea",
        "type": "github"
      },
      "original": {
        "owner": "tpope",
        "repo": "vim-surround",
        "type": "github"
      }
    },
    "which-key": {
      "flake": false,
      "locked": {
        "lastModified": 1651651877,
        "narHash": "sha256-UoV9H3oVJL1BPmuG+/eU4cG1s7thOrcrPyat9npBxm0=",
        "owner": "folke",
        "repo": "which-key.nvim",
        "rev": "bd4411a2ed4dd8bb69c125e339d837028a6eea71",
        "type": "github"
      },
      "original": {
        "owner": "folke",
        "repo": "which-key.nvim",
        "type": "github"
      }
    },
    "yaml-companion": {
      "flake": false,
      "locked": {
        "lastModified": 1656183953,
        "narHash": "sha256-IPde21dIx3SKY57JtFWbW4HJ8EagsLAsKd/NDs/jM9Q=",
        "owner": "someone-stole-my-name",
        "repo": "yaml-companion.nvim",
        "rev": "ab42ea608dfb8e82adb506cc90f85786efa37923",
        "type": "github"
      },
      "original": {
        "owner": "someone-stole-my-name",
        "repo": "yaml-companion.nvim",
        "type": "github"
      }
    },
    "zsh-vim-mode": {
      "flake": false,
      "locked": {
        "lastModified": 1616290526,
        "narHash": "sha256-a+6EWMRY1c1HQpNtJf5InCzU7/RphZjimLdXIXbO6cQ=",
        "owner": "softmoth",
        "repo": "zsh-vim-mode",
        "rev": "1f9953b7d6f2f0a8d2cb8e8977baa48278a31eab",
        "type": "github"
      },
      "original": {
        "owner": "softmoth",
        "repo": "zsh-vim-mode",
        "type": "github"
      }
    },
    "zsh-z": {
      "flake": false,
      "locked": {
        "lastModified": 1656536492,
        "narHash": "sha256-9Wr4uZLk2CvINJilg4o72x0NEAl043lP30D3YnHk+ZA=",
        "owner": "agkozak",
        "repo": "zsh-z",
        "rev": "aaafebcd97424c570ee247e2aeb3da30444299cd",
        "type": "github"
      },
      "original": {
        "owner": "agkozak",
        "repo": "zsh-z",
        "type": "github"
      }
    }
  },
  "root": "root",
  "version": 7
}
